
Microsoft Visual Studio Solution File, Format Version 12.00
# Visual Studio 14
VisualStudioVersion = 14.0.25123.0
MinimumVisualStudioVersion = 10.0.40219.1
Project("{FAE04EC0-301F-11D3-BF4B-00C04F79EFBC}") = "Optional.Sandbox", "Optional.Sandbox\Optional.Sandbox.csproj", "{65A088A5-A36E-4C9C-968D-485D6D647002}"
EndProject
Project("{FAE04EC0-301F-11D3-BF4B-00C04F79EFBC}") = "Optional", "Optional\Optional.csproj", "{4A4C60D5-C480-4816-BB61-1E2FBC243DD4}"
EndProject
Project("{FAE04EC0-301F-11D3-BF4B-00C04F79EFBC}") = "Optional.Tests", "Optional.Tests\Optional.Tests.csproj", "{0978266B-1B17-4BAB-BC3D-6360980ED67D}"
EndProject
Project("{FAE04EC0-301F-11D3-BF4B-00C04F79EFBC}") = "Optional.Collections", "Optional.Collections\Optional.Collections.csproj", "{C2E9000D-8175-4D37-AE43-26284E678FEB}"
EndProject
Project("{FAE04EC0-301F-11D3-BF4B-00C04F79EFBC}") = "Optional.Async", "Optional.Async\Optional.Async.csproj", "{73183408-B4B2-41DD-84D5-F4EC972D7048}"
EndProject
Project("{FAE04EC0-301F-11D3-BF4B-00C04F79EFBC}") = "Optional.Utilities", "Optional.Utilities\Optional.Utilities.csproj", "{444C5C12-C1A2-485C-BD10-A11B78E5DAC9}"
EndProject
Project("{2150E333-8FDC-42A3-9474-1A3956D46DE8}") = "Test", "Test", "{8C7EBAD1-F847-4368-98AC-2ECBCD6033DD}"
EndProject
Global
	GlobalSection(SolutionConfigurationPlatforms) = preSolution
		Debug|Any CPU = Debug|Any CPU
		Release|Any CPU = Release|Any CPU
	EndGlobalSection
	GlobalSection(ProjectConfigurationPlatforms) = postSolution
		{65A088A5-A36E-4C9C-968D-485D6D647002}.Debug|Any CPU.ActiveCfg = Debug|Any CPU
		{65A088A5-A36E-4C9C-968D-485D6D647002}.Debug|Any CPU.Build.0 = Debug|Any CPU
		{65A088A5-A36E-4C9C-968D-485D6D647002}.Release|Any CPU.ActiveCfg = Release|Any CPU
		{65A088A5-A36E-4C9C-968D-485D6D647002}.Release|Any CPU.Build.0 = Release|Any CPU
		{4A4C60D5-C480-4816-BB61-1E2FBC243DD4}.Debug|Any CPU.ActiveCfg = Debug|Any CPU
		{4A4C60D5-C480-4816-BB61-1E2FBC243DD4}.Debug|Any CPU.Build.0 = Debug|Any CPU
		{4A4C60D5-C480-4816-BB61-1E2FBC243DD4}.Release|Any CPU.ActiveCfg = Release|Any CPU
		{4A4C60D5-C480-4816-BB61-1E2FBC243DD4}.Release|Any CPU.Build.0 = Release|Any CPU
		{0978266B-1B17-4BAB-BC3D-6360980ED67D}.Debug|Any CPU.ActiveCfg = Debug|Any CPU
		{0978266B-1B17-4BAB-BC3D-6360980ED67D}.Debug|Any CPU.Build.0 = Debug|Any CPU
		{0978266B-1B17-4BAB-BC3D-6360980ED67D}.Release|Any CPU.ActiveCfg = Release|Any CPU
		{0978266B-1B17-4BAB-BC3D-6360980ED67D}.Release|Any CPU.Build.0 = Release|Any CPU
		{C2E9000D-8175-4D37-AE43-26284E678FEB}.Debug|Any CPU.ActiveCfg = Debug|Any CPU
		{C2E9000D-8175-4D37-AE43-26284E678FEB}.Debug|Any CPU.Build.0 = Debug|Any CPU
		{C2E9000D-8175-4D37-AE43-26284E678FEB}.Release|Any CPU.ActiveCfg = Release|Any CPU
		{C2E9000D-8175-4D37-AE43-26284E678FEB}.Release|Any CPU.Build.0 = Release|Any CPU
		{73183408-B4B2-41DD-84D5-F4EC972D7048}.Debug|Any CPU.ActiveCfg = Debug|Any CPU
		{73183408-B4B2-41DD-84D5-F4EC972D7048}.Debug|Any CPU.Build.0 = Debug|Any CPU
		{73183408-B4B2-41DD-84D5-F4EC972D7048}.Release|Any CPU.ActiveCfg = Release|Any CPU
		{73183408-B4B2-41DD-84D5-F4EC972D7048}.Release|Any CPU.Build.0 = Release|Any CPU
		{444C5C12-C1A2-485C-BD10-A11B78E5DAC9}.Debug|Any CPU.ActiveCfg = Debug|Any CPU
		{444C5C12-C1A2-485C-BD10-A11B78E5DAC9}.Debug|Any CPU.Build.0 = Debug|Any CPU
		{444C5C12-C1A2-485C-BD10-A11B78E5DAC9}.Release|Any CPU.ActiveCfg = Release|Any CPU
		{444C5C12-C1A2-485C-BD10-A11B78E5DAC9}.Release|Any CPU.Build.0 = Release|Any CPU
	EndGlobalSection
	GlobalSection(SolutionProperties) = preSolution
		HideSolutionNode = FALSE
	EndGlobalSection
	GlobalSection(NestedProjects) = preSolution
		{65A088A5-A36E-4C9C-968D-485D6D647002} = {8C7EBAD1-F847-4368-98AC-2ECBCD6033DD}
		{0978266B-1B17-4BAB-BC3D-6360980ED67D} = {8C7EBAD1-F847-4368-98AC-2ECBCD6033DD}
	EndGlobalSection
EndGlobal
