
Microsoft Visual Studio Solution File, Format Version 12.00
# Visual Studio 14
VisualStudioVersion = 14.0.23107.0
MinimumVisualStudioVersion = 10.0.40219.1
Project("{FAE04EC0-301F-11D3-BF4B-00C04F79EFBC}") = "Optional.Sandbox", "Optional.Sandbox\Optional.Sandbox.csproj", "{65A088A5-A36E-4C9C-968D-485D6D647002}"
EndProject
Project("{FAE04EC0-301F-11D3-BF4B-00C04F79EFBC}") = "Optional", "Optional\Optional.csproj", "{4A4C60D5-C480-4816-BB61-1E2FBC243DD4}"
EndProject
Project("{FAE04EC0-301F-11D3-BF4B-00C04F79EFBC}") = "Optional.Tests", "Optional.Tests\Optional.Tests.csproj", "{0978266B-1B17-4BAB-BC3D-6360980ED67D}"
EndProject
Project("{FAE04EC0-301F-11D3-BF4B-00C04F79EFBC}") = "Optional.Extensions", "Optional.Extensions\Optional.Extensions.csproj", "{83AA6CAF-64AA-4E29-B0C0-74E50480C571}"
EndProject
Global
	GlobalSection(SolutionConfigurationPlatforms) = preSolution
		Debug|Any CPU = Debug|Any CPU
		Release|Any CPU = Release|Any CPU
	EndGlobalSection
	GlobalSection(ProjectConfigurationPlatforms) = postSolution
		{65A088A5-A36E-4C9C-968D-485D6D647002}.Debug|Any CPU.ActiveCfg = Debug|Any CPU
		{65A088A5-A36E-4C9C-968D-485D6D647002}.Debug|Any CPU.Build.0 = Debug|Any CPU
		{65A088A5-A36E-4C9C-968D-485D6D647002}.Release|Any CPU.ActiveCfg = Release|Any CPU
		{65A088A5-A36E-4C9C-968D-485D6D647002}.Release|Any CPU.Build.0 = Release|Any CPU
		{4A4C60D5-C480-4816-BB61-1E2FBC243DD4}.Debug|Any CPU.ActiveCfg = Debug|Any CPU
		{4A4C60D5-C480-4816-BB61-1E2FBC243DD4}.Debug|Any CPU.Build.0 = Debug|Any CPU
		{4A4C60D5-C480-4816-BB61-1E2FBC243DD4}.Release|Any CPU.ActiveCfg = Release|Any CPU
		{4A4C60D5-C480-4816-BB61-1E2FBC243DD4}.Release|Any CPU.Build.0 = Release|Any CPU
		{0978266B-1B17-4BAB-BC3D-6360980ED67D}.Debug|Any CPU.ActiveCfg = Debug|Any CPU
		{0978266B-1B17-4BAB-BC3D-6360980ED67D}.Debug|Any CPU.Build.0 = Debug|Any CPU
		{0978266B-1B17-4BAB-BC3D-6360980ED67D}.Release|Any CPU.ActiveCfg = Release|Any CPU
		{0978266B-1B17-4BAB-BC3D-6360980ED67D}.Release|Any CPU.Build.0 = Release|Any CPU
		{83AA6CAF-64AA-4E29-B0C0-74E50480C571}.Debug|Any CPU.ActiveCfg = Debug|Any CPU
		{83AA6CAF-64AA-4E29-B0C0-74E50480C571}.Debug|Any CPU.Build.0 = Debug|Any CPU
		{83AA6CAF-64AA-4E29-B0C0-74E50480C571}.Release|Any CPU.ActiveCfg = Release|Any CPU
		{83AA6CAF-64AA-4E29-B0C0-74E50480C571}.Release|Any CPU.Build.0 = Release|Any CPU
	EndGlobalSection
	GlobalSection(SolutionProperties) = preSolution
		HideSolutionNode = FALSE
	EndGlobalSection
EndGlobal
